
Microsoft Visual Studio Solution File, Format Version 12.00
# Visual Studio 2012
Project("{FAE04EC0-301F-11D3-BF4B-00C04F79EFBC}") = "EtoHelloWorld.Mac", "EtoHelloWorld.Mac\EtoHelloWorld.Mac.csproj", "{6FB5D38B-92D5-4F67-BDBC-881C7100539B}"
EndProject
Project("{FAE04EC0-301F-11D3-BF4B-00C04F79EFBC}") = "EtoHelloWorld", "EtoHelloWorld\EtoHelloWorld.csproj", "{86F67F21-546B-41FA-868B-E625545E51E1}"
EndProject
Project("{FAE04EC0-301F-11D3-BF4B-00C04F79EFBC}") = "EtoHelloWorldXamMac2", "EtoHelloWorld.XamMac2\EtoHelloWorldXamMac2.csproj", "{DA339A0D-DA64-456C-AD94-18B8847F2CD8}"
EndProject
Project("{FAE04EC0-301F-11D3-BF4B-00C04F79EFBC}") = "EtoHelloWorld.WinForms", "EtoHelloWorld.WinForms\EtoHelloWorld.WinForms.csproj", "{889C8D2C-2864-452D-AA5F-269D03EEE879}"
EndProject
Project("{FAE04EC0-301F-11D3-BF4B-00C04F79EFBC}") = "EtoHelloWorld.Wpf", "EtoHelloWorld.Wpf\EtoHelloWorld.Wpf.csproj", "{AC09A8FA-AEEC-417B-B608-E208F7085F8A}"
EndProject
Project("{FAE04EC0-301F-11D3-BF4B-00C04F79EFBC}") = "EtoHelloWorld.Gtk2", "EtoHelloWorld.Gtk2\EtoHelloWorld.Gtk2.csproj", "{EFC3B654-33F1-4519-89BF-1F7A05ABCD5E}"
EndProject
Project("{FAE04EC0-301F-11D3-BF4B-00C04F79EFBC}") = "EtoHelloWorld.Gtk3", "EtoHelloWorld.Gtk3\EtoHelloWorld.Gtk3.csproj", "{1D1D0272-4F52-4AD9-9CB2-9DF27498C65D}"
EndProject
Global
	GlobalSection(SolutionConfigurationPlatforms) = preSolution
		Debug|Any CPU = Debug|Any CPU
		Release|Any CPU = Release|Any CPU
		Debug|x86 = Debug|x86
		Release|x86 = Release|x86
	EndGlobalSection
	GlobalSection(ProjectConfigurationPlatforms) = postSolution
		{1D1D0272-4F52-4AD9-9CB2-9DF27498C65D}.Debug|Any CPU.ActiveCfg = Debug|x86
		{1D1D0272-4F52-4AD9-9CB2-9DF27498C65D}.Debug|Any CPU.Build.0 = Debug|x86
		{1D1D0272-4F52-4AD9-9CB2-9DF27498C65D}.Debug|x86.ActiveCfg = Debug|x86
		{1D1D0272-4F52-4AD9-9CB2-9DF27498C65D}.Debug|x86.Build.0 = Debug|x86
		{1D1D0272-4F52-4AD9-9CB2-9DF27498C65D}.Release|Any CPU.ActiveCfg = Release|x86
		{1D1D0272-4F52-4AD9-9CB2-9DF27498C65D}.Release|Any CPU.Build.0 = Release|x86
		{1D1D0272-4F52-4AD9-9CB2-9DF27498C65D}.Release|x86.ActiveCfg = Release|x86
		{1D1D0272-4F52-4AD9-9CB2-9DF27498C65D}.Release|x86.Build.0 = Release|x86
		{6FB5D38B-92D5-4F67-BDBC-881C7100539B}.Debug|Any CPU.ActiveCfg = Debug|Any CPU
		{6FB5D38B-92D5-4F67-BDBC-881C7100539B}.Debug|Any CPU.Build.0 = Debug|Any CPU
		{6FB5D38B-92D5-4F67-BDBC-881C7100539B}.Debug|x86.ActiveCfg = Debug|Any CPU
		{6FB5D38B-92D5-4F67-BDBC-881C7100539B}.Debug|x86.Build.0 = Debug|Any CPU
		{6FB5D38B-92D5-4F67-BDBC-881C7100539B}.Release|Any CPU.ActiveCfg = Release|Any CPU
		{6FB5D38B-92D5-4F67-BDBC-881C7100539B}.Release|Any CPU.Build.0 = Release|Any CPU
		{6FB5D38B-92D5-4F67-BDBC-881C7100539B}.Release|x86.ActiveCfg = Release|Any CPU
		{6FB5D38B-92D5-4F67-BDBC-881C7100539B}.Release|x86.Build.0 = Release|Any CPU
		{86F67F21-546B-41FA-868B-E625545E51E1}.Debug|Any CPU.ActiveCfg = Debug|Any CPU
		{86F67F21-546B-41FA-868B-E625545E51E1}.Debug|Any CPU.Build.0 = Debug|Any CPU
		{86F67F21-546B-41FA-868B-E625545E51E1}.Debug|x86.ActiveCfg = Debug|Any CPU
		{86F67F21-546B-41FA-868B-E625545E51E1}.Debug|x86.Build.0 = Debug|Any CPU
		{86F67F21-546B-41FA-868B-E625545E51E1}.Release|Any CPU.ActiveCfg = Release|Any CPU
		{86F67F21-546B-41FA-868B-E625545E51E1}.Release|Any CPU.Build.0 = Release|Any CPU
		{86F67F21-546B-41FA-868B-E625545E51E1}.Release|x86.ActiveCfg = Release|Any CPU
		{86F67F21-546B-41FA-868B-E625545E51E1}.Release|x86.Build.0 = Release|Any CPU
		{889C8D2C-2864-452D-AA5F-269D03EEE879}.Debug|Any CPU.ActiveCfg = Debug|x86
		{889C8D2C-2864-452D-AA5F-269D03EEE879}.Debug|Any CPU.Build.0 = Debug|x86
		{889C8D2C-2864-452D-AA5F-269D03EEE879}.Debug|x86.ActiveCfg = Debug|x86
		{889C8D2C-2864-452D-AA5F-269D03EEE879}.Debug|x86.Build.0 = Debug|x86
		{889C8D2C-2864-452D-AA5F-269D03EEE879}.Release|Any CPU.ActiveCfg = Release|x86
		{889C8D2C-2864-452D-AA5F-269D03EEE879}.Release|Any CPU.Build.0 = Release|x86
		{889C8D2C-2864-452D-AA5F-269D03EEE879}.Release|x86.ActiveCfg = Release|x86
		{889C8D2C-2864-452D-AA5F-269D03EEE879}.Release|x86.Build.0 = Release|x86
		{AC09A8FA-AEEC-417B-B608-E208F7085F8A}.Debug|Any CPU.ActiveCfg = Debug|x86
		{AC09A8FA-AEEC-417B-B608-E208F7085F8A}.Debug|Any CPU.Build.0 = Debug|x86
		{AC09A8FA-AEEC-417B-B608-E208F7085F8A}.Debug|x86.ActiveCfg = Debug|x86
		{AC09A8FA-AEEC-417B-B608-E208F7085F8A}.Debug|x86.Build.0 = Debug|x86
		{AC09A8FA-AEEC-417B-B608-E208F7085F8A}.Release|Any CPU.ActiveCfg = Release|x86
		{AC09A8FA-AEEC-417B-B608-E208F7085F8A}.Release|Any CPU.Build.0 = Release|x86
		{AC09A8FA-AEEC-417B-B608-E208F7085F8A}.Release|x86.ActiveCfg = Release|x86
		{AC09A8FA-AEEC-417B-B608-E208F7085F8A}.Release|x86.Build.0 = Release|x86
		{DA339A0D-DA64-456C-AD94-18B8847F2CD8}.Debug|Any CPU.ActiveCfg = Debug|Any CPU
		{DA339A0D-DA64-456C-AD94-18B8847F2CD8}.Debug|Any CPU.Build.0 = Debug|Any CPU
		{DA339A0D-DA64-456C-AD94-18B8847F2CD8}.Debug|x86.ActiveCfg = Debug|Any CPU
		{DA339A0D-DA64-456C-AD94-18B8847F2CD8}.Debug|x86.Build.0 = Debug|Any CPU
		{DA339A0D-DA64-456C-AD94-18B8847F2CD8}.Release|Any CPU.ActiveCfg = Release|Any CPU
		{DA339A0D-DA64-456C-AD94-18B8847F2CD8}.Release|Any CPU.Build.0 = Release|Any CPU
		{DA339A0D-DA64-456C-AD94-18B8847F2CD8}.Release|x86.ActiveCfg = Release|Any CPU
		{DA339A0D-DA64-456C-AD94-18B8847F2CD8}.Release|x86.Build.0 = Release|Any CPU
		{EFC3B654-33F1-4519-89BF-1F7A05ABCD5E}.Debug|Any CPU.ActiveCfg = Debug|x86
		{EFC3B654-33F1-4519-89BF-1F7A05ABCD5E}.Debug|Any CPU.Build.0 = Debug|x86
		{EFC3B654-33F1-4519-89BF-1F7A05ABCD5E}.Debug|x86.ActiveCfg = Debug|x86
		{EFC3B654-33F1-4519-89BF-1F7A05ABCD5E}.Debug|x86.Build.0 = Debug|x86
		{EFC3B654-33F1-4519-89BF-1F7A05ABCD5E}.Release|Any CPU.ActiveCfg = Release|x86
		{EFC3B654-33F1-4519-89BF-1F7A05ABCD5E}.Release|Any CPU.Build.0 = Release|x86
		{EFC3B654-33F1-4519-89BF-1F7A05ABCD5E}.Release|x86.ActiveCfg = Release|x86
		{EFC3B654-33F1-4519-89BF-1F7A05ABCD5E}.Release|x86.Build.0 = Release|x86
	EndGlobalSection
EndGlobal
